
Microsoft Visual Studio Solution File, Format Version 12.00
# Visual Studio Version 17
VisualStudioVersion = 17.2.32602.215
MinimumVisualStudioVersion = 10.0.40219.1
Project("{FAE04EC0-301F-11D3-BF4B-00C04F79EFBC}") = "MinimalAPI", "MinimalAPI.csproj", "{024ED53D-57D9-4294-BB71-91C2AB0FACD7}"
EndProject
Global
	GlobalSection(SolutionConfigurationPlatforms) = preSolution
		Debug|Any CPU = Debug|Any CPU
		Release|Any CPU = Release|Any CPU
	EndGlobalSection
	GlobalSection(ProjectConfigurationPlatforms) = postSolution
		{024ED53D-57D9-4294-BB71-91C2AB0FACD7}.Debug|Any CPU.ActiveCfg = Debug|Any CPU
		{024ED53D-57D9-4294-BB71-91C2AB0FACD7}.Debug|Any CPU.Build.0 = Debug|Any CPU
		{024ED53D-57D9-4294-BB71-91C2AB0FACD7}.Release|Any CPU.ActiveCfg = Release|Any CPU
		{024ED53D-57D9-4294-BB71-91C2AB0FACD7}.Release|Any CPU.Build.0 = Release|Any CPU
	EndGlobalSection
	GlobalSection(SolutionProperties) = preSolution
		HideSolutionNode = FALSE
	EndGlobalSection
	GlobalSection(ExtensibilityGlobals) = postSolution
		SolutionGuid = {213E0C04-0039-4CDA-9130-2D912BF314F7}
	EndGlobalSection
EndGlobal
